// !$*UTF8*$!
{
	archiveVersion = 1;
	classes = {
	};
	objectVersion = 55;
	objects = {

/* Begin PBXBuildFile section */
		37954BA6277A4BC000B19C2C /* StatusbarApp.swift in Sources */ = {isa = PBXBuildFile; fileRef = 37954BA5277A4BC000B19C2C /* StatusbarApp.swift */; };
		37954BA8277A4BC000B19C2C /* ContentView.swift in Sources */ = {isa = PBXBuildFile; fileRef = 37954BA7277A4BC000B19C2C /* ContentView.swift */; };
		37954BAA277A4BC300B19C2C /* Assets.xcassets in Resources */ = {isa = PBXBuildFile; fileRef = 37954BA9277A4BC300B19C2C /* Assets.xcassets */; };
		37954BAD277A4BC300B19C2C /* Preview Assets.xcassets in Resources */ = {isa = PBXBuildFile; fileRef = 37954BAC277A4BC300B19C2C /* Preview Assets.xcassets */; };
		37954BB5277A4F6800B19C2C /* AppDelegate.swift in Sources */ = {isa = PBXBuildFile; fileRef = 37954BB4277A4F6800B19C2C /* AppDelegate.swift */; };
		37954BB8277A5BE300B19C2C /* HelloView.swift in Sources */ = {isa = PBXBuildFile; fileRef = 37954BB7277A5BE300B19C2C /* HelloView.swift */; };
/* End PBXBuildFile section */

/* Begin PBXFileReference section */
		37954BA2277A4BC000B19C2C /* Statusbar.app */ = {isa = PBXFileReference; explicitFileType = wrapper.application; includeInIndex = 0; path = Statusbar.app; sourceTree = BUILT_PRODUCTS_DIR; };
		37954BA5277A4BC000B19C2C /* StatusbarApp.swift */ = {isa = PBXFileReference; lastKnownFileType = sourcecode.swift; path = StatusbarApp.swift; sourceTree = "<group>"; };
		37954BA7277A4BC000B19C2C /* ContentView.swift */ = {isa = PBXFileReference; lastKnownFileType = sourcecode.swift; path = ContentView.swift; sourceTree = "<group>"; };
		37954BA9277A4BC300B19C2C /* Assets.xcassets */ = {isa = PBXFileReference; lastKnownFileType = folder.assetcatalog; path = Assets.xcassets; sourceTree = "<group>"; };
		37954BAC277A4BC300B19C2C /* Preview Assets.xcassets */ = {isa = PBXFileReference; lastKnownFileType = folder.assetcatalog; path = "Preview Assets.xcassets"; sourceTree = "<group>"; };
		37954BAE277A4BC300B19C2C /* Statusbar.entitlements */ = {isa = PBXFileReference; lastKnownFileType = text.plist.entitlements; path = Statusbar.entitlements; sourceTree = "<group>"; };
		37954BB4277A4F6800B19C2C /* AppDelegate.swift */ = {isa = PBXFileReference; lastKnownFileType = sourcecode.swift; path = AppDelegate.swift; sourceTree = "<group>"; };
		37954BB6277A561600B19C2C /* Info.plist */ = {isa = PBXFileReference; lastKnownFileType = text.plist; path = Info.plist; sourceTree = "<group>"; };
		37954BB7277A5BE300B19C2C /* HelloView.swift */ = {isa = PBXFileReference; lastKnownFileType = sourcecode.swift; path = HelloView.swift; sourceTree = "<group>"; };
/* End PBXFileReference section */

/* Begin PBXFrameworksBuildPhase section */
		37954B9F277A4BC000B19C2C /* Frameworks */ = {
			isa = PBXFrameworksBuildPhase;
			buildActionMask = 2147483647;
			files = (
			);
			runOnlyForDeploymentPostprocessing = 0;
		};
/* End PBXFrameworksBuildPhase section */

/* Begin PBXGroup section */
		37954B99277A4BC000B19C2C = {
			isa = PBXGroup;
			children = (
				37954BA4277A4BC000B19C2C /* Statusbar */,
				37954BA3277A4BC000B19C2C /* Products */,
			);
			sourceTree = "<group>";
		};
		37954BA3277A4BC000B19C2C /* Products */ = {
			isa = PBXGroup;
			children = (
				37954BA2277A4BC000B19C2C /* Statusbar.app */,
			);
			name = Products;
			sourceTree = "<group>";
		};
		37954BA4277A4BC000B19C2C /* Statusbar */ = {
			isa = PBXGroup;
			children = (
				37954BAE277A4BC300B19C2C /* Statusbar.entitlements */,
				37954BB6277A561600B19C2C /* Info.plist */,
				37954BB4277A4F6800B19C2C /* AppDelegate.swift */,
				37954BA7277A4BC000B19C2C /* ContentView.swift */,
				37954BB7277A5BE300B19C2C /* HelloView.swift */,
				37954BA5277A4BC000B19C2C /* StatusbarApp.swift */,
				37954BA9277A4BC300B19C2C /* Assets.xcassets */,
				37954BAB277A4BC300B19C2C /* Preview Content */,
			);
			path = Statusbar;
			sourceTree = "<group>";
		};
		37954BAB277A4BC300B19C2C /* Preview Content */ = {
			isa = PBXGroup;
			children = (
				37954BAC277A4BC300B19C2C /* Preview Assets.xcassets */,
			);
			path = "Preview Content";
			sourceTree = "<group>";
		};
/* End PBXGroup section */

/* Begin PBXNativeTarget section */
		37954BA1277A4BC000B19C2C /* Statusbar */ = {
			isa = PBXNativeTarget;
			buildConfigurationList = 37954BB1277A4BC300B19C2C /* Build configuration list for PBXNativeTarget "Statusbar" */;
			buildPhases = (
				37954B9E277A4BC000B19C2C /* Sources */,
				37954B9F277A4BC000B19C2C /* Frameworks */,
				37954BA0277A4BC000B19C2C /* Resources */,
			);
			buildRules = (
			);
			dependencies = (
			);
			name = Statusbar;
			productName = Statusbar;
			productReference = 37954BA2277A4BC000B19C2C /* Statusbar.app */;
			productType = "com.apple.product-type.application";
		};
/* End PBXNativeTarget section */

/* Begin PBXProject section */
		37954B9A277A4BC000B19C2C /* Project object */ = {
			isa = PBXProject;
			attributes = {
				BuildIndependentTargetsInParallel = 1;
				LastSwiftUpdateCheck = 1320;
				LastUpgradeCheck = 1320;
				TargetAttributes = {
					37954BA1277A4BC000B19C2C = {
						CreatedOnToolsVersion = 13.2.1;
					};
				};
			};
			buildConfigurationList = 37954B9D277A4BC000B19C2C /* Build configuration list for PBXProject "Statusbar" */;
			compatibilityVersion = "Xcode 13.0";
			developmentRegion = en;
			hasScannedForEncodings = 0;
			knownRegions = (
				en,
				Base,
			);
			mainGroup = 37954B99277A4BC000B19C2C;
			productRefGroup = 37954BA3277A4BC000B19C2C /* Products */;
			projectDirPath = "";
			projectRoot = "";
			targets = (
				37954BA1277A4BC000B19C2C /* Statusbar */,
			);
		};
/* End PBXProject section */

/* Begin PBXResourcesBuildPhase section */
		37954BA0277A4BC000B19C2C /* Resources */ = {
			isa = PBXResourcesBuildPhase;
			buildActionMask = 2147483647;
			files = (
				37954BAD277A4BC300B19C2C /* Preview Assets.xcassets in Resources */,
				37954BAA277A4BC300B19C2C /* Assets.xcassets in Resources */,
			);
			runOnlyForDeploymentPostprocessing = 0;
		};
/* End PBXResourcesBuildPhase section */

/* Begin PBXSourcesBuildPhase section */
		37954B9E277A4BC000B19C2C /* Sources */ = {
			isa = PBXSourcesBuildPhase;
			buildActionMask = 2147483647;
			files = (
				37954BB5277A4F6800B19C2C /* AppDelegate.swift in Sources */,
				37954BB8277A5BE300B19C2C /* HelloView.swift in Sources */,
				37954BA8277A4BC000B19C2C /* ContentView.swift in Sources */,
				37954BA6277A4BC000B19C2C /* StatusbarApp.swift in Sources */,
			);
			runOnlyForDeploymentPostprocessing = 0;
		};
/* End PBXSourcesBuildPhase section */

/* Begin XCBuildConfiguration section */
		37954BAF277A4BC300B19C2C /* Debug */ = {
			isa = XCBuildConfiguration;
			buildSettings = {
				ALWAYS_SEARCH_USER_PATHS = NO;
				CLANG_ANALYZER_NONNULL = YES;
				CLANG_ANALYZER_NUMBER_OBJECT_CONVERSION = YES_AGGRESSIVE;
				CLANG_CXX_LANGUAGE_STANDARD = "gnu++17";
				CLANG_CXX_LIBRARY = "libc++";
				CLANG_ENABLE_MODULES = YES;
				CLANG_ENABLE_OBJC_ARC = YES;
				CLANG_ENABLE_OBJC_WEAK = YES;
				CLANG_WARN_BLOCK_CAPTURE_AUTORELEASING = YES;
				CLANG_WARN_BOOL_CONVERSION = YES;
				CLANG_WARN_COMMA = YES;
				CLANG_WARN_CONSTANT_CONVERSION = YES;
				CLANG_WARN_DEPRECATED_OBJC_IMPLEMENTATIONS = YES;
				CLANG_WARN_DIRECT_OBJC_ISA_USAGE = YES_ERROR;
				CLANG_WARN_DOCUMENTATION_COMMENTS = YES;
				CLANG_WARN_EMPTY_BODY = YES;
				CLANG_WARN_ENUM_CONVERSION = YES;
				CLANG_WARN_INFINITE_RECURSION = YES;
				CLANG_WARN_INT_CONVERSION = YES;
				CLANG_WARN_NON_LITERAL_NULL_CONVERSION = YES;
				CLANG_WARN_OBJC_IMPLICIT_RETAIN_SELF = YES;
				CLANG_WARN_OBJC_LITERAL_CONVERSION = YES;
				CLANG_WARN_OBJC_ROOT_CLASS = YES_ERROR;
				CLANG_WARN_QUOTED_INCLUDE_IN_FRAMEWORK_HEADER = YES;
				CLANG_WARN_RANGE_LOOP_ANALYSIS = YES;
				CLANG_WARN_STRICT_PROTOTYPES = YES;
				CLANG_WARN_SUSPICIOUS_MOVE = YES;
				CLANG_WARN_UNGUARDED_AVAILABILITY = YES_AGGRESSIVE;
				CLANG_WARN_UNREACHABLE_CODE = YES;
				CLANG_WARN__DUPLICATE_METHOD_MATCH = YES;
				COPY_PHASE_STRIP = NO;
				DEBUG_INFORMATION_FORMAT = dwarf;
				ENABLE_STRICT_OBJC_MSGSEND = YES;
				ENABLE_TESTABILITY = YES;
				GCC_C_LANGUAGE_STANDARD = gnu11;
				GCC_DYNAMIC_NO_PIC = NO;
				GCC_NO_COMMON_BLOCKS = YES;
				GCC_OPTIMIZATION_LEVEL = 0;
				GCC_PREPROCESSOR_DEFINITIONS = (
					"DEBUG=1",
					"$(inherited)",
				);
				GCC_WARN_64_TO_32_BIT_CONVERSION = YES;
				GCC_WARN_ABOUT_RETURN_TYPE = YES_ERROR;
				GCC_WARN_UNDECLARED_SELECTOR = YES;
				GCC_WARN_UNINITIALIZED_AUTOS = YES_AGGRESSIVE;
				GCC_WARN_UNUSED_FUNCTION = YES;
				GCC_WARN_UNUSED_VARIABLE = YES;
				MACOSX_DEPLOYMENT_TARGET = 11.6;
				MTL_ENABLE_DEBUG_INFO = INCLUDE_SOURCE;
				MTL_FAST_MATH = YES;
				ONLY_ACTIVE_ARCH = YES;
				SDKROOT = macosx;
				SWIFT_ACTIVE_COMPILATION_CONDITIONS = DEBUG;
				SWIFT_OPTIMIZATION_LEVEL = "-Onone";
			};
			name = Debug;
		};
		37954BB0277A4BC300B19C2C /* Release */ = {
			isa = XCBuildConfiguration;
			buildSettings = {
				ALWAYS_SEARCH_USER_PATHS = NO;
				CLANG_ANALYZER_NONNULL = YES;
				CLANG_ANALYZER_NUMBER_OBJECT_CONVERSION = YES_AGGRESSIVE;
				CLANG_CXX_LANGUAGE_STANDARD = "gnu++17";
				CLANG_CXX_LIBRARY = "libc++";
				CLANG_ENABLE_MODULES = YES;
				CLANG_ENABLE_OBJC_ARC = YES;
				CLANG_ENABLE_OBJC_WEAK = YES;
				CLANG_WARN_BLOCK_CAPTURE_AUTORELEASING = YES;
				CLANG_WARN_BOOL_CONVERSION = YES;
				CLANG_WARN_COMMA = YES;
				CLANG_WARN_CONSTANT_CONVERSION = YES;
				CLANG_WARN_DEPRECATED_OBJC_IMPLEMENTATIONS = YES;
				CLANG_WARN_DIRECT_OBJC_ISA_USAGE = YES_ERROR;
				CLANG_WARN_DOCUMENTATION_COMMENTS = YES;
				CLANG_WARN_EMPTY_BODY = YES;
				CLANG_WARN_ENUM_CONVERSION = YES;
				CLANG_WARN_INFINITE_RECURSION = YES;
				CLANG_WARN_INT_CONVERSION = YES;
				CLANG_WARN_NON_LITERAL_NULL_CONVERSION = YES;
				CLANG_WARN_OBJC_IMPLICIT_RETAIN_SELF = YES;
				CLANG_WARN_OBJC_LITERAL_CONVERSION = YES;
				CLANG_WARN_OBJC_ROOT_CLASS = YES_ERROR;
				CLANG_WARN_QUOTED_INCLUDE_IN_FRAMEWORK_HEADER = YES;
				CLANG_WARN_RANGE_LOOP_ANALYSIS = YES;
				CLANG_WARN_STRICT_PROTOTYPES = YES;
				CLANG_WARN_SUSPICIOUS_MOVE = YES;
				CLANG_WARN_UNGUARDED_AVAILABILITY = YES_AGGRESSIVE;
				CLANG_WARN_UNREACHABLE_CODE = YES;
				CLANG_WARN__DUPLICATE_METHOD_MATCH = YES;
				COPY_PHASE_STRIP = NO;
				DEBUG_INFORMATION_FORMAT = "dwarf-with-dsym";
				ENABLE_NS_ASSERTIONS = NO;
				ENABLE_STRICT_OBJC_MSGSEND = YES;
				GCC_C_LANGUAGE_STANDARD = gnu11;
				GCC_NO_COMMON_BLOCKS = YES;
				GCC_WARN_64_TO_32_BIT_CONVERSION = YES;
				GCC_WARN_ABOUT_RETURN_TYPE = YES_ERROR;
				GCC_WARN_UNDECLARED_SELECTOR = YES;
				GCC_WARN_UNINITIALIZED_AUTOS = YES_AGGRESSIVE;
				GCC_WARN_UNUSED_FUNCTION = YES;
				GCC_WARN_UNUSED_VARIABLE = YES;
				MACOSX_DEPLOYMENT_TARGET = 11.6;
				MTL_ENABLE_DEBUG_INFO = NO;
				MTL_FAST_MATH = YES;
				SDKROOT = macosx;
				SWIFT_COMPILATION_MODE = wholemodule;
				SWIFT_OPTIMIZATION_LEVEL = "-O";
			};
			name = Release;
		};
		37954BB2277A4BC300B19C2C /* Debug */ = {
			isa = XCBuildConfiguration;
			buildSettings = {
				ASSETCATALOG_COMPILER_APPICON_NAME = AppIcon;
				ASSETCATALOG_COMPILER_GLOBAL_ACCENT_COLOR_NAME = AccentColor;
				CODE_SIGN_ENTITLEMENTS = Statusbar/Statusbar.entitlements;
				CODE_SIGN_STYLE = Automatic;
				COMBINE_HIDPI_IMAGES = YES;
				CURRENT_PROJECT_VERSION = 1;
				DEVELOPMENT_ASSET_PATHS = "\"Statusbar/Preview Content\"";
				DEVELOPMENT_TEAM = 5CE4DX45J5;
				ENABLE_HARDENED_RUNTIME = YES;
				ENABLE_PREVIEWS = YES;
				GENERATE_INFOPLIST_FILE = YES;
				INFOPLIST_FILE = Statusbar/Info.plist;
				INFOPLIST_KEY_NSHumanReadableCopyright = "";
				LD_RUNPATH_SEARCH_PATHS = (
					"$(inherited)",
					"@executable_path/../Frameworks",
				);
				MARKETING_VERSION = 1.0;
				PRODUCT_BUNDLE_IDENTIFIER = dev.gokhun.Statusbar;
				PRODUCT_NAME = "$(TARGET_NAME)";
				SWIFT_EMIT_LOC_STRINGS = YES;
				SWIFT_VERSION = 5.0;
			};
			name = Debug;
		};
		37954BB3277A4BC300B19C2C /* Release */ = {
			isa = XCBuildConfiguration;
			buildSettings = {
				ASSETCATALOG_COMPILER_APPICON_NAME = AppIcon;
				ASSETCATALOG_COMPILER_GLOBAL_ACCENT_COLOR_NAME = AccentColor;
				CODE_SIGN_ENTITLEMENTS = Statusbar/Statusbar.entitlements;
				CODE_SIGN_STYLE = Automatic;
				COMBINE_HIDPI_IMAGES = YES;
				CURRENT_PROJECT_VERSION = 1;
				DEVELOPMENT_ASSET_PATHS = "\"Statusbar/Preview Content\"";
				DEVELOPMENT_TEAM = 5CE4DX45J5;
				ENABLE_HARDENED_RUNTIME = YES;
				ENABLE_PREVIEWS = YES;
				GENERATE_INFOPLIST_FILE = YES;
				INFOPLIST_FILE = Statusbar/Info.plist;
				INFOPLIST_KEY_NSHumanReadableCopyright = "";
				LD_RUNPATH_SEARCH_PATHS = (
					"$(inherited)",
					"@executable_path/../Frameworks",
				);
				MARKETING_VERSION = 1.0;
				PRODUCT_BUNDLE_IDENTIFIER = dev.gokhun.Statusbar;
				PRODUCT_NAME = "$(TARGET_NAME)";
				SWIFT_EMIT_LOC_STRINGS = YES;
				SWIFT_VERSION = 5.0;
			};
			name = Release;
		};
/* End XCBuildConfiguration section */

/* Begin XCConfigurationList section */
		37954B9D277A4BC000B19C2C /* Build configuration list for PBXProject "Statusbar" */ = {
			isa = XCConfigurationList;
			buildConfigurations = (
				37954BAF277A4BC300B19C2C /* Debug */,
				37954BB0277A4BC300B19C2C /* Release */,
			);
			defaultConfigurationIsVisible = 0;
			defaultConfigurationName = Release;
		};
		37954BB1277A4BC300B19C2C /* Build configuration list for PBXNativeTarget "Statusbar" */ = {
			isa = XCConfigurationList;
			buildConfigurations = (
				37954BB2277A4BC300B19C2C /* Debug */,
				37954BB3277A4BC300B19C2C /* Release */,
			);
			defaultConfigurationIsVisible = 0;
			defaultConfigurationName = Release;
		};
/* End XCConfigurationList section */
	};
	rootObject = 37954B9A277A4BC000B19C2C /* Project object */;
}
